
Microsoft Visual Studio Solution File, Format Version 12.00
# Visual Studio Version 17
VisualStudioVersion = 17.0.31919.166
MinimumVisualStudioVersion = 10.0.40219.1
Project("{FAE04EC0-301F-11D3-BF4B-00C04F79EFBC}") = "CMP307", "CMP307\CMP307.csproj", "{E6EC4D1F-7317-46BB-B867-3175E422E0C1}"
EndProject
Global
	GlobalSection(SolutionConfigurationPlatforms) = preSolution
		Debug|Any CPU = Debug|Any CPU
		Release|Any CPU = Release|Any CPU
	EndGlobalSection
	GlobalSection(ProjectConfigurationPlatforms) = postSolution
		{E6EC4D1F-7317-46BB-B867-3175E422E0C1}.Debug|Any CPU.ActiveCfg = Debug|Any CPU
		{E6EC4D1F-7317-46BB-B867-3175E422E0C1}.Debug|Any CPU.Build.0 = Debug|Any CPU
		{E6EC4D1F-7317-46BB-B867-3175E422E0C1}.Release|Any CPU.ActiveCfg = Release|Any CPU
		{E6EC4D1F-7317-46BB-B867-3175E422E0C1}.Release|Any CPU.Build.0 = Release|Any CPU
	EndGlobalSection
	GlobalSection(SolutionProperties) = preSolution
		HideSolutionNode = FALSE
	EndGlobalSection
	GlobalSection(ExtensibilityGlobals) = postSolution
		SolutionGuid = {80C6F0E9-A66E-482C-ACE7-D8D4246F0D69}
	EndGlobalSection
EndGlobal
